Microsoft Visual Studio Solution File, Format Version 12.00
# Visual Studio Version 16
VisualStudioVersion = 16.0.32407.337
MinimumVisualStudioVersion = 10.0.40219.1
Project("{F184B08F-C81C-45F6-A57F-5ABD9991F28F}") = "OrderInfoDemo", "OrderInfoDemo.vbproj", "{C2409D13-C356-4962-90B5-EADDB2EDE09F}"
EndProject
Global
	GlobalSection(SolutionConfigurationPlatforms) = preSolution
		Debug|Any CPU = Debug|Any CPU
		Release|Any CPU = Release|Any CPU
	EndGlobalSection
	GlobalSection(ProjectConfigurationPlatforms) = postSolution
		{C2409D13-C356-4962-90B5-EADDB2EDE09F}.Debug|Any CPU.ActiveCfg = Debug|Any CPU
		{C2409D13-C356-4962-90B5-EADDB2EDE09F}.Debug|Any CPU.Build.0 = Debug|Any CPU
		{C2409D13-C356-4962-90B5-EADDB2EDE09F}.Release|Any CPU.ActiveCfg = Release|Any CPU
		{C2409D13-C356-4962-90B5-EADDB2EDE09F}.Release|Any CPU.Build.0 = Release|Any CPU
	EndGlobalSection
	GlobalSection(SolutionProperties) = preSolution
		HideSolutionNode = FALSE
	EndGlobalSection
	GlobalSection(ExtensibilityGlobals) = postSolution
		SolutionGuid = {1C94C75F-D9DE-4B38-AE2B-326D218B7075}
	EndGlobalSection
EndGlobal
